
Microsoft Visual Studio Solution File, Format Version 12.00
# Visual Studio Version 16
VisualStudioVersion = 16.0.31129.286
MinimumVisualStudioVersion = 10.0.40219.1
Project("{FAE04EC0-301F-11D3-BF4B-00C04F79EFBC}") = "OrderService.Api", "OrderService.Api\OrderService.Api.csproj", "{81FAED49-134F-4EDF-A2D4-BB79E934882C}"
EndProject
Project("{FAE04EC0-301F-11D3-BF4B-00C04F79EFBC}") = "OrderService.Domain", "OrderService.Domain\OrderService.Domain.csproj", "{4792B6CC-E18E-4F6B-B55F-E1B4FE11AA1F}"
EndProject
Project("{FAE04EC0-301F-11D3-BF4B-00C04F79EFBC}") = "OrderService.Persistence", "OrderService.Persistence\OrderService.Persistence.csproj", "{84761B37-8A1E-4A89-B5E2-FDF5D0F5B82A}"
EndProject
Project("{FAE04EC0-301F-11D3-BF4B-00C04F79EFBC}") = "OrderService.Intergration.Messages", "OrderService.Intergration.Messages\OrderService.Intergration.Messages.csproj", "{DDBECDEE-6AAF-4A46-A2BF-2751B453F832}"
EndProject
Project("{FAE04EC0-301F-11D3-BF4B-00C04F79EFBC}") = "OrderService.Intergration.MessagingBus", "OrderService.Intergration.MessagingBus\OrderService.Intergration.MessagingBus.csproj", "{B7E22B03-0D70-4753-9D25-2B3D30FDBDE8}"
EndProject
Global
	GlobalSection(SolutionConfigurationPlatforms) = preSolution
		Debug|Any CPU = Debug|Any CPU
		Release|Any CPU = Release|Any CPU
	EndGlobalSection
	GlobalSection(ProjectConfigurationPlatforms) = postSolution
		{81FAED49-134F-4EDF-A2D4-BB79E934882C}.Debug|Any CPU.ActiveCfg = Debug|Any CPU
		{81FAED49-134F-4EDF-A2D4-BB79E934882C}.Debug|Any CPU.Build.0 = Debug|Any CPU
		{81FAED49-134F-4EDF-A2D4-BB79E934882C}.Release|Any CPU.ActiveCfg = Release|Any CPU
		{81FAED49-134F-4EDF-A2D4-BB79E934882C}.Release|Any CPU.Build.0 = Release|Any CPU
		{4792B6CC-E18E-4F6B-B55F-E1B4FE11AA1F}.Debug|Any CPU.ActiveCfg = Debug|Any CPU
		{4792B6CC-E18E-4F6B-B55F-E1B4FE11AA1F}.Debug|Any CPU.Build.0 = Debug|Any CPU
		{4792B6CC-E18E-4F6B-B55F-E1B4FE11AA1F}.Release|Any CPU.ActiveCfg = Release|Any CPU
		{4792B6CC-E18E-4F6B-B55F-E1B4FE11AA1F}.Release|Any CPU.Build.0 = Release|Any CPU
		{84761B37-8A1E-4A89-B5E2-FDF5D0F5B82A}.Debug|Any CPU.ActiveCfg = Debug|Any CPU
		{84761B37-8A1E-4A89-B5E2-FDF5D0F5B82A}.Debug|Any CPU.Build.0 = Debug|Any CPU
		{84761B37-8A1E-4A89-B5E2-FDF5D0F5B82A}.Release|Any CPU.ActiveCfg = Release|Any CPU
		{84761B37-8A1E-4A89-B5E2-FDF5D0F5B82A}.Release|Any CPU.Build.0 = Release|Any CPU
		{DDBECDEE-6AAF-4A46-A2BF-2751B453F832}.Debug|Any CPU.ActiveCfg = Debug|Any CPU
		{DDBECDEE-6AAF-4A46-A2BF-2751B453F832}.Debug|Any CPU.Build.0 = Debug|Any CPU
		{DDBECDEE-6AAF-4A46-A2BF-2751B453F832}.Release|Any CPU.ActiveCfg = Release|Any CPU
		{DDBECDEE-6AAF-4A46-A2BF-2751B453F832}.Release|Any CPU.Build.0 = Release|Any CPU
		{B7E22B03-0D70-4753-9D25-2B3D30FDBDE8}.Debug|Any CPU.ActiveCfg = Debug|Any CPU
		{B7E22B03-0D70-4753-9D25-2B3D30FDBDE8}.Debug|Any CPU.Build.0 = Debug|Any CPU
		{B7E22B03-0D70-4753-9D25-2B3D30FDBDE8}.Release|Any CPU.ActiveCfg = Release|Any CPU
		{B7E22B03-0D70-4753-9D25-2B3D30FDBDE8}.Release|Any CPU.Build.0 = Release|Any CPU
	EndGlobalSection
	GlobalSection(SolutionProperties) = preSolution
		HideSolutionNode = FALSE
	EndGlobalSection
	GlobalSection(ExtensibilityGlobals) = postSolution
		SolutionGuid = {CD9C1BDC-2E50-4F6E-988B-696D6E119262}
	EndGlobalSection
EndGlobal
